<?xml version="1.0" encoding="utf-8"?>
<Project ToolsVersion="4.0" xmlns="http://schemas.microsoft.com/developer/msbuild/2003">
  <ItemGroup>
    <ClCompile Include="pch.cpp" />
    <ClCompile Include="Buffer.cpp" />
    <ClCompile Include="DrawCall.cpp" />
    <ClCompile Include="Material.cpp" />
    <ClCompile Include="PixelShader.cpp" />
    <ClCompile Include="RenderEngine.cpp" />
    <ClCompile Include="RenderTexture.cpp" />
    <ClCompile Include="Shader.cpp" />
    <ClCompile Include="Texture.cpp" />
    <ClCompile Include="VertexBuffer.cpp" />
    <ClCompile Include="VertexShader.cpp" />
    <ClCompile Include="Window.cpp" />
    <ClCompile Include="InputLayout.cpp" />
    <ClCompile Include="CogClientGame.cpp" />
    <ClCompile Include="ClientTestComponent.cpp" />
    <ClCompile Include="ClientComponentList.cpp" />
    <ClCompile Include="ImageWidget.cpp" />
    <ClCompile Include="RenderTarget.cpp" />
  </ItemGroup>
  <ItemGroup>
    <ClInclude Include="pch.h" />
    <ClInclude Include="Buffer.h" />
    <ClInclude Include="DrawCall.h" />
    <ClInclude Include="Material.h" />
    <ClInclude Include="PixelShader.h" />
    <ClInclude Include="RenderEngine.h" />
    <ClInclude Include="RenderingMode.h" />
    <ClInclude Include="RenderTexture.h" />
    <ClInclude Include="Shader.h" />
    <ClInclude Include="StandardVertex.h" />
    <ClInclude Include="Texture.h" />
    <ClInclude Include="VertexBuffer.h" />
    <ClInclude Include="VertexShader.h" />
    <ClInclude Include="Window.h" />
    <ClInclude Include="WindowEvent.h" />
    <ClInclude Include="InputLayout.h" />
    <ClInclude Include="CogClientGame.h" />
    <ClInclude Include="ClientTestComponent.h" />
    <ClInclude Include="ClientComponentList.h" />
    <ClInclude Include="ImageWidget.h" />
    <ClInclude Include="RenderTarget.h" />
    <ClInclude Include="GpuCommand.h" />
  </ItemGroup>
</Project>