<?xml version="1.0" encoding="utf-8"?>
<Project ToolsVersion="4.0" xmlns="http://schemas.microsoft.com/developer/msbuild/2003">
  <ItemGroup>
    <ClCompile Include="pch.cpp" />
    <ClCompile Include="ServerGame\ServerGame.cpp" />
    <ClCompile Include="ServerGame\ServerGameComponentList.cpp" />
    <ClCompile Include="Server\CogServerGame.cpp" />
    <ClCompile Include="Server\ServerComponentList.cpp" />
    <ClCompile Include="Game\Game.cpp" />
    <ClCompile Include="Game\GameComponentList.cpp" />
    <ClCompile Include="Cog\CogGame.cpp" />
    <ClCompile Include="Cog\Component.cpp" />
    <ClCompile Include="Cog\ComponentList.cpp" />
    <ClCompile Include="Cog\EngineComponentList.cpp" />
    <ClCompile Include="Cog\Entity.cpp" />
    <ClCompile Include="Cog\EntityInitializer.cpp" />
    <ClCompile Include="Cog\ImageResource.cpp" />
    <ClCompile Include="Cog\MessageSystem.cpp" />
    <ClCompile Include="Cog\Object.cpp" />
    <ClCompile Include="Cog\Resource.cpp" />
    <ClCompile Include="Cog\ResourceManager.cpp" />
    <ClCompile Include="Cog\TestComponent.cpp" />
    <ClCompile Include="Cog\Transform2D.cpp" />
    <ClCompile Include="Cog\Widget.cpp" />
    <ClCompile Include="ClientGame\ClientGame.cpp" />
    <ClCompile Include="ClientGame\ClientGameComponentList.cpp" />
    <ClCompile Include="Client\Buffer.cpp" />
    <ClCompile Include="Client\ClientComponentList.cpp" />
    <ClCompile Include="Client\ClientTestComponent.cpp" />
    <ClCompile Include="Client\CogClientGame.cpp" />
    <ClCompile Include="Client\DrawCall.cpp" />
    <ClCompile Include="Client\ImageWidget.cpp" />
    <ClCompile Include="Client\InputLayout.cpp" />
    <ClCompile Include="Client\Material.cpp" />
    <ClCompile Include="Client\PixelShader.cpp" />
    <ClCompile Include="Client\RenderEngine.cpp" />
    <ClCompile Include="Client\RenderTarget.cpp" />
    <ClCompile Include="Client\RenderTexture.cpp" />
    <ClCompile Include="Client\Shader.cpp" />
    <ClCompile Include="Client\SpriteComponent.cpp" />
    <ClCompile Include="Client\Texture.cpp" />
    <ClCompile Include="Client\VertexBuffer.cpp" />
    <ClCompile Include="Client\VertexShader.cpp" />
    <ClCompile Include="Client\Window.cpp" />
  </ItemGroup>
  <ItemGroup>
    <ClInclude Include="pch.h" />
    <ClInclude Include="ServerGame\ServerGame.h" />
    <ClInclude Include="ServerGame\ServerGameComponentList.h" />
    <ClInclude Include="Server\CogServerGame.h" />
    <ClInclude Include="Server\ServerComponentList.h" />
    <ClInclude Include="Game\Game.h" />
    <ClInclude Include="Game\GameComponentList.h" />
    <ClInclude Include="Cog\Casts.h" />
    <ClInclude Include="Cog\CogGame.h" />
    <ClInclude Include="Cog\Component.h" />
    <ClInclude Include="Cog\ComponentData.h" />
    <ClInclude Include="Cog\ComponentFactory.h" />
    <ClInclude Include="Cog\ComponentList.h" />
    <ClInclude Include="Cog\EngineComponentList.h" />
    <ClInclude Include="Cog\Entity.h" />
    <ClInclude Include="Cog\EntityInitializer.h" />
    <ClInclude Include="Cog\Event.h" />
    <ClInclude Include="Cog\FrameData.h" />
    <ClInclude Include="Cog\GameThreadCallback.h" />
    <ClInclude Include="Cog\ImageResource.h" />
    <ClInclude Include="Cog\InheritComponent.h" />
    <ClInclude Include="Cog\MessageSystem.h" />
    <ClInclude Include="Cog\Object.h" />
    <ClInclude Include="Cog\ObjectFunctionView.h" />
    <ClInclude Include="Cog\Pointer.h" />
    <ClInclude Include="Cog\Resource.h" />
    <ClInclude Include="Cog\ResourceManager.h" />
    <ClInclude Include="Cog\TestComponent.h" />
    <ClInclude Include="Cog\Transform2D.h" />
    <ClInclude Include="Cog\Widget.h" />
    <ClInclude Include="ClientGame\ClientGame.h" />
    <ClInclude Include="ClientGame\ClientGameComponentList.h" />
    <ClInclude Include="Client\Buffer.h" />
    <ClInclude Include="Client\ClientComponentList.h" />
    <ClInclude Include="Client\ClientTestComponent.h" />
    <ClInclude Include="Client\CogClientGame.h" />
    <ClInclude Include="Client\DrawCall.h" />
    <ClInclude Include="Client\GpuCommand.h" />
    <ClInclude Include="Client\ImageWidget.h" />
    <ClInclude Include="Client\InputLayout.h" />
    <ClInclude Include="Client\Material.h" />
    <ClInclude Include="Client\PixelShader.h" />
    <ClInclude Include="Client\RenderEngine.h" />
    <ClInclude Include="Client\RenderingMode.h" />
    <ClInclude Include="Client\RenderTarget.h" />
    <ClInclude Include="Client\RenderTexture.h" />
    <ClInclude Include="Client\Shader.h" />
    <ClInclude Include="Client\SpriteComponent.h" />
    <ClInclude Include="Client\StandardVertex.h" />
    <ClInclude Include="Client\Texture.h" />
    <ClInclude Include="Client\VertexBuffer.h" />
    <ClInclude Include="Client\VertexShader.h" />
    <ClInclude Include="Client\Window.h" />
    <ClInclude Include="Client\WindowEvent.h" />
    <ClInclude Include="exported_pch.h" />
  </ItemGroup>
</Project>