<?xml version="1.0" encoding="utf-8"?>
<Project ToolsVersion="4.0" xmlns="http://schemas.microsoft.com/developer/msbuild/2003">
  <ItemGroup>
    <ClCompile Include="pch.cpp" />
    <ClCompile Include="Game\Game.cpp" />
    <ClCompile Include="Cog\CogGame.cpp" />
    <ClCompile Include="Cog\ImageResource.cpp" />
    <ClCompile Include="Cog\MessageSystem.cpp" />
    <ClCompile Include="Cog\Resource.cpp" />
    <ClCompile Include="Cog\ResourceManager.cpp" />
    <ClCompile Include="Cog\TypeList.cpp" />
    <ClCompile Include="Cog\EngineTypeList.cpp" />
    <ClCompile Include="Game\GameTypeList.cpp" />
    <ClCompile Include="Cog\Object.cpp" />
  </ItemGroup>
  <ItemGroup>
    <ClInclude Include="pch.h" />
    <ClInclude Include="Game\Game.h" />
    <ClInclude Include="Cog\Casts.h" />
    <ClInclude Include="Cog\CogGame.h" />
    <ClInclude Include="Cog\Event.h" />
    <ClInclude Include="Cog\FrameData.h" />
    <ClInclude Include="Cog\GameThreadCallback.h" />
    <ClInclude Include="Cog\ImageResource.h" />
    <ClInclude Include="Cog\MessageSystem.h" />
    <ClInclude Include="Cog\ObjectFunctionView.h" />
    <ClInclude Include="Cog\Pointer.h" />
    <ClInclude Include="Cog\Resource.h" />
    <ClInclude Include="Cog\ResourceManager.h" />
    <ClInclude Include="exported_pch.h" />
    <ClInclude Include="Cog\TypeList.h" />
    <ClInclude Include="Cog\EngineTypeList.h" />
    <ClInclude Include="Game\GameTypeList.h" />
    <ClInclude Include="Cog\TypeData.h" />
    <ClInclude Include="Cog\InheritType.h" />
    <ClInclude Include="Cog\Object.h" />
    <ClInclude Include="Cog\Class.h" />
  </ItemGroup>
</Project>