<?xml version="1.0" encoding="utf-8"?>
<Project ToolsVersion="4.0" xmlns="http://schemas.microsoft.com/developer/msbuild/2003">
  <ItemGroup>
    <ClCompile Include="pch.cpp" />
    <ClCompile Include="Math\Vec2.cpp" />
    <ClCompile Include="Threading\ThreadPool\ThreadPool.cpp" />
    <ClCompile Include="Threading\ThreadPool\AwaitableWorkItem.cpp" />
    <ClCompile Include="Threading\Fibers\Awaitable.cpp" />
    <ClCompile Include="Threading\Fibers\Await.cpp" />
    <ClCompile Include="Threading\Fibers\Fiber.cpp" />
    <ClCompile Include="Threading\ThreadID.cpp" />
    <ClCompile Include="Filesystem\FilesystemEntry.cpp" />
    <ClCompile Include="Filesystem\File.cpp" />
    <ClCompile Include="Filesystem\Directory.cpp" />
    <ClCompile Include="External\CityHash\city.cc" />
    <ClCompile Include="External\lodepng.cpp" />
    <ClCompile Include="UtilitiesTLS.cpp" />
    <ClCompile Include="Time\Stopwatch.cpp" />
    <ClCompile Include="Debug\DebugAsserts.cpp" />
    <ClCompile Include="Images\LinearColor.cpp" />
    <ClCompile Include="Images\ByteColor.cpp" />
    <ClCompile Include="Images\Image.cpp" />
    <ClCompile Include="Web\HttpClient.cpp" />
    <ClCompile Include="Math\Random.cpp" />
    <ClCompile Include="TypeFundamentals\Convert.cpp" />
    <ClCompile Include="Threading\Fibers\ReadFileAwaitable.cpp" />
    <ClCompile Include="Program.cpp" />
  </ItemGroup>
  <ItemGroup>
    <ClInclude Include="pch.h" />
    <ClInclude Include="Math\Angle.h" />
    <ClInclude Include="Containers\ArrayView.h" />
    <ClInclude Include="Containers\ArraySlice.h" />
    <ClInclude Include="Containers\CogStack.h" />
    <ClInclude Include="Containers\CogArray.h" />
    <ClInclude Include="Math\Vec4.h" />
    <ClInclude Include="Math\Vec2.h" />
    <ClInclude Include="Threading\ThreadPool\ThreadPool.h" />
    <ClInclude Include="Threading\ThreadPool\AwaitableWorkItem.h" />
    <ClInclude Include="Threading\Fibers\Awaitable.h" />
    <ClInclude Include="Threading\Fibers\BackgroundWorkAwaitable.h" />
    <ClInclude Include="Containers\Bitset.h" />
    <ClInclude Include="Containers\Bitfield.h" />
    <ClInclude Include="Containers\BinaryData.h" />
    <ClInclude Include="Threading\Fibers\Await.h" />
    <ClInclude Include="Containers\BitsetForEachTables.h" />
    <ClInclude Include="Math\CogMath.h" />
    <ClInclude Include="Threading\Fibers\FiberResumeData.h" />
    <ClInclude Include="Threading\Fibers\Fiber.h" />
    <ClInclude Include="Threading\Fibers\FiberHandle.h" />
    <ClInclude Include="Threading\Fibers\FiberLocalStorage.h" />
    <ClInclude Include="Threading\ThreadLocalStack.h" />
    <ClInclude Include="Threading\ThreadID.h" />
    <ClInclude Include="Threading\Semaphore.h" />
    <ClInclude Include="Threading\Barrier.h" />
    <ClInclude Include="Filesystem\FilesystemEntry.h" />
    <ClInclude Include="Filesystem\File.h" />
    <ClInclude Include="Containers\Map.h" />
    <ClInclude Include="Filesystem\Directory.h" />
    <ClInclude Include="External\CityHash\city.h" />
    <ClInclude Include="External\CityHash\citycrc.h" />
    <ClInclude Include="External\CityHash\config.h" />
    <ClInclude Include="External\json.h" />
    <ClInclude Include="External\lodepng.h" />
    <ClInclude Include="External\pcg32.h" />
    <ClInclude Include="External\pcg32_8.h" />
    <ClInclude Include="UtilitiesTLS.h" />
    <ClInclude Include="Time\Stopwatch.h" />
    <ClInclude Include="Time\CogTime.h" />
    <ClInclude Include="TypeFundamentals\Types.h" />
    <ClInclude Include="TypeFundamentals\TypeTraits.h" />
    <ClInclude Include="TypeFundamentals\TypeID.h" />
    <ClInclude Include="TypeFundamentals\Optional.h" />
    <ClInclude Include="Debug\DebugAsserts.h" />
    <ClInclude Include="Images\LinearColor.h" />
    <ClInclude Include="Images\ByteColor.h" />
    <ClInclude Include="Images\Image.h" />
    <ClInclude Include="Web\HttpClient.h" />
    <ClInclude Include="Memory\InlineVirtualObject.h" />
    <ClInclude Include="Memory\MemoryBlock.h" />
    <ClInclude Include="Memory\Factory.h" />
    <ClInclude Include="Memory\FactoryChunk.h" />
    <ClInclude Include="Memory\BaseFactory.h" />
    <ClInclude Include="Math\Random.h" />
    <ClInclude Include="Math\CogTime.h" />
    <ClInclude Include="Containers\EventList.h" />
    <ClInclude Include="TypeFundamentals\Convert.h" />
    <ClInclude Include="Threading\Fibers\ReadFileAwaitable.h" />
    <ClInclude Include="String\CogString.h" />
    <ClInclude Include="String\CogStringSlice.h" />
    <ClInclude Include="String\CogStringView.h" />
    <ClInclude Include="String\Format.h" />
    <ClInclude Include="String\Append.h" />
    <ClInclude Include="Containers\Hashing.h" />
    <ClInclude Include="Function\FunctionView.h" />
    <ClInclude Include="Function\MemberFunctionPointer.h" />
    <ClInclude Include="Function\Function.h" />
    <ClInclude Include="Program.h" />
    <ClInclude Include="exported_pch.h" />
  </ItemGroup>
  <ItemGroup>
    <Natvis Include="NatvisFile.natvis" />
  </ItemGroup>
</Project>