<?xml version="1.0" encoding="utf-8"?>
<Project ToolsVersion="4.0" xmlns="http://schemas.microsoft.com/developer/msbuild/2003">
  <ItemGroup>
    <ClInclude Include="pch.h" />
    <ClInclude Include="Component.h" />
    <ClInclude Include="Pointer.h" />
    <ClInclude Include="Event.h" />
    <ClInclude Include="CogGame.h" />
    <ClInclude Include="Casts.h" />
    <ClInclude Include="ObjectFunctionView.h" />
    <ClInclude Include="GameThreadCallback.h" />
    <ClInclude Include="TestComponent.h" />
    <ClInclude Include="InheritComponent.h" />
    <ClInclude Include="ComponentList.h" />
    <ClInclude Include="ComponentData.h" />
    <ClInclude Include="EngineComponentList.h" />
    <ClInclude Include="Entity.h" />
    <ClInclude Include="EntityInitializer.h" />
    <ClInclude Include="Object.h" />
    <ClInclude Include="Widget.h" />
    <ClInclude Include="Resource.h" />
    <ClInclude Include="ResourceManager.h" />
    <ClInclude Include="ImageResource.h" />
    <ClInclude Include="FrameData.h" />
    <ClInclude Include="ComponentFactory.h" />
    <ClInclude Include="Transform2D.h" />
    <ClInclude Include="MessageSystem.h" />
  </ItemGroup>
  <ItemGroup>
    <ClCompile Include="pch.cpp" />
    <ClCompile Include="Component.cpp" />
    <ClCompile Include="CogGame.cpp" />
    <ClCompile Include="TestComponent.cpp" />
    <ClCompile Include="ComponentList.cpp" />
    <ClCompile Include="EngineComponentList.cpp" />
    <ClCompile Include="Entity.cpp" />
    <ClCompile Include="EntityInitializer.cpp" />
    <ClCompile Include="Object.cpp" />
    <ClCompile Include="Widget.cpp" />
    <ClCompile Include="Resource.cpp" />
    <ClCompile Include="ResourceManager.cpp" />
    <ClCompile Include="ImageResource.cpp" />
    <ClCompile Include="Transform2D.cpp" />
    <ClCompile Include="MessageSystem.cpp" />
  </ItemGroup>
</Project>