<?xml version="1.0" encoding="utf-8"?>
<Project ToolsVersion="4.0" xmlns="http://schemas.microsoft.com/developer/msbuild/2003">
  <ItemGroup>
    <ClInclude Include="pch.h" />
    <ClInclude Include="ComponentFactory.h" />
    <ClInclude Include="ComponentFactoryChunk.h" />
    <ClInclude Include="Component.h" />
    <ClInclude Include="BaseComponentFactory.h" />
    <ClInclude Include="BaseComponentFactoryChunk.h" />
    <ClInclude Include="Object.h" />
    <ClInclude Include="Pointer.h" />
    <ClInclude Include="ObjectFactory.h" />
    <ClInclude Include="EventListBase.h" />
    <ClInclude Include="Event.h" />
    <ClInclude Include="CogGame.h" />
    <ClInclude Include="CogGameWorld.h" />
    <ClInclude Include="ObjectInitializer.h" />
    <ClInclude Include="Casts.h" />
  </ItemGroup>
  <ItemGroup>
    <ClCompile Include="pch.cpp" />
    <ClCompile Include="Component.cpp" />
    <ClCompile Include="Object.cpp" />
    <ClCompile Include="CogGame.cpp" />
    <ClCompile Include="CogGameWorld.cpp" />
    <ClCompile Include="ObjectInitializer.cpp" />
  </ItemGroup>
</Project>