<?xml version="1.0" encoding="utf-8"?>
<Project ToolsVersion="4.0" xmlns="http://schemas.microsoft.com/developer/msbuild/2003">
  <ItemGroup>
    <ClCompile Include="pch.cpp" />
    <ClCompile Include="main.cpp" />
    <ClCompile Include="Client\Buffer.cpp" />
    <ClCompile Include="Client\DrawCall.cpp" />
    <ClCompile Include="Client\ImageWidget.cpp" />
    <ClCompile Include="Client\InputLayout.cpp" />
    <ClCompile Include="Client\Material.cpp" />
    <ClCompile Include="Client\PixelShader.cpp" />
    <ClCompile Include="Client\RenderEngine.cpp" />
    <ClCompile Include="Client\RenderTarget.cpp" />
    <ClCompile Include="Client\RenderTexture.cpp" />
    <ClCompile Include="Client\Shader.cpp" />
    <ClCompile Include="Client\Texture.cpp" />
    <ClCompile Include="Client\VertexBuffer.cpp" />
    <ClCompile Include="Client\VertexShader.cpp" />
    <ClCompile Include="Client\Window.cpp" />
    <ClCompile Include="Client\ClientTypeList.cpp" />
    <ClCompile Include="Client\ClientGame.cpp" />
  </ItemGroup>
  <ItemGroup>
    <ClInclude Include="pch.h" />
    <ClInclude Include="Client\Buffer.h" />
    <ClInclude Include="Client\DrawCall.h" />
    <ClInclude Include="Client\GpuCommand.h" />
    <ClInclude Include="Client\ImageWidget.h" />
    <ClInclude Include="Client\InputLayout.h" />
    <ClInclude Include="Client\Material.h" />
    <ClInclude Include="Client\PixelShader.h" />
    <ClInclude Include="Client\RenderEngine.h" />
    <ClInclude Include="Client\RenderingMode.h" />
    <ClInclude Include="Client\RenderTarget.h" />
    <ClInclude Include="Client\RenderTexture.h" />
    <ClInclude Include="Client\Shader.h" />
    <ClInclude Include="Client\StandardVertex.h" />
    <ClInclude Include="Client\Texture.h" />
    <ClInclude Include="Client\VertexBuffer.h" />
    <ClInclude Include="Client\VertexShader.h" />
    <ClInclude Include="Client\Window.h" />
    <ClInclude Include="Client\WindowEvent.h" />
    <ClInclude Include="Client\ClientTypeList.h" />
    <ClInclude Include="Client\ClientGame.h" />
  </ItemGroup>
</Project>